
Microsoft Visual Studio Solution File, Format Version 12.00
# Visual Studio 2013
VisualStudioVersion = 12.0.31101.0
MinimumVisualStudioVersion = 10.0.40219.1
Project("{FAE04EC0-301F-11D3-BF4B-00C04F79EFBC}") = "StudentSystem.Models", "StudentSystem.Models\StudentSystem.Models.csproj", "{3AC7CDDB-ADEE-4A7B-B76F-FB91182C9A83}"
EndProject
Project("{FAE04EC0-301F-11D3-BF4B-00C04F79EFBC}") = "StudentSystem.Data", "StudentSystem.Data\StudentSystem.Data.csproj", "{2529C4F9-4514-4944-AC13-3674EDC81426}"
EndProject
Project("{FAE04EC0-301F-11D3-BF4B-00C04F79EFBC}") = "StudentSystem.ConsoleClient", "StudentSystem.ConsoleClient\StudentSystem.ConsoleClient.csproj", "{869E81D1-4F13-484F-9A30-67FFFEC9AADD}"
EndProject
Global
	GlobalSection(SolutionConfigurationPlatforms) = preSolution
		Debug|Any CPU = Debug|Any CPU
		Release|Any CPU = Release|Any CPU
	EndGlobalSection
	GlobalSection(ProjectConfigurationPlatforms) = postSolution
		{3AC7CDDB-ADEE-4A7B-B76F-FB91182C9A83}.Debug|Any CPU.ActiveCfg = Debug|Any CPU
		{3AC7CDDB-ADEE-4A7B-B76F-FB91182C9A83}.Debug|Any CPU.Build.0 = Debug|Any CPU
		{3AC7CDDB-ADEE-4A7B-B76F-FB91182C9A83}.Release|Any CPU.ActiveCfg = Release|Any CPU
		{3AC7CDDB-ADEE-4A7B-B76F-FB91182C9A83}.Release|Any CPU.Build.0 = Release|Any CPU
		{2529C4F9-4514-4944-AC13-3674EDC81426}.Debug|Any CPU.ActiveCfg = Debug|Any CPU
		{2529C4F9-4514-4944-AC13-3674EDC81426}.Debug|Any CPU.Build.0 = Debug|Any CPU
		{2529C4F9-4514-4944-AC13-3674EDC81426}.Release|Any CPU.ActiveCfg = Release|Any CPU
		{2529C4F9-4514-4944-AC13-3674EDC81426}.Release|Any CPU.Build.0 = Release|Any CPU
		{869E81D1-4F13-484F-9A30-67FFFEC9AADD}.Debug|Any CPU.ActiveCfg = Debug|Any CPU
		{869E81D1-4F13-484F-9A30-67FFFEC9AADD}.Debug|Any CPU.Build.0 = Debug|Any CPU
		{869E81D1-4F13-484F-9A30-67FFFEC9AADD}.Release|Any CPU.ActiveCfg = Release|Any CPU
		{869E81D1-4F13-484F-9A30-67FFFEC9AADD}.Release|Any CPU.Build.0 = Release|Any CPU
	EndGlobalSection
	GlobalSection(SolutionProperties) = preSolution
		HideSolutionNode = FALSE
	EndGlobalSection
EndGlobal
